
Microsoft Visual Studio Solution File, Format Version 12.00
# Visual Studio Version 17
VisualStudioVersion = 17.0.31903.59
MinimumVisualStudioVersion = 10.0.40219.1
Project("{2150E333-8FDC-42A3-9474-1A3956D46DE8}") = "src", "src", "{36861A50-BDB2-43A4-BAEB-C992C4F4E62E}"
EndProject
Project("{FAE04EC0-301F-11D3-BF4B-00C04F79EFBC}") = "AuctionService", "src\AuctionService\AuctionService.csproj", "{901BF5B2-412E-4359-9900-628216626D17}"
EndProject
Global
	GlobalSection(SolutionConfigurationPlatforms) = preSolution
		Debug|Any CPU = Debug|Any CPU
		Release|Any CPU = Release|Any CPU
	EndGlobalSection
	GlobalSection(SolutionProperties) = preSolution
		HideSolutionNode = FALSE
	EndGlobalSection
	GlobalSection(ProjectConfigurationPlatforms) = postSolution
		{901BF5B2-412E-4359-9900-628216626D17}.Debug|Any CPU.ActiveCfg = Debug|Any CPU
		{901BF5B2-412E-4359-9900-628216626D17}.Debug|Any CPU.Build.0 = Debug|Any CPU
		{901BF5B2-412E-4359-9900-628216626D17}.Release|Any CPU.ActiveCfg = Release|Any CPU
		{901BF5B2-412E-4359-9900-628216626D17}.Release|Any CPU.Build.0 = Release|Any CPU
	EndGlobalSection
	GlobalSection(NestedProjects) = preSolution
		{901BF5B2-412E-4359-9900-628216626D17} = {36861A50-BDB2-43A4-BAEB-C992C4F4E62E}
	EndGlobalSection
EndGlobal
